
Microsoft Visual Studio Solution File, Format Version 12.00
# Visual Studio Version 17
VisualStudioVersion = 17.1.32210.238
MinimumVisualStudioVersion = 10.0.40219.1
Project("{9A19103F-16F7-4668-BE54-9A1E7A4F7556}") = "BehavioralPatterns", "BehavioralPatterns\BehavioralPatterns.csproj", "{A8C0E3D1-8213-477A-A63F-42641804AAA1}"
EndProject
Project("{9A19103F-16F7-4668-BE54-9A1E7A4F7556}") = "CreationalPatterns", "CreationalPatterns\CreationalPatterns.csproj", "{4CADDA19-A061-4674-9723-2DC434BB7129}"
EndProject
Project("{9A19103F-16F7-4668-BE54-9A1E7A4F7556}") = "RealisticDependencies", "RealisticDependencies\RealisticDependencies.csproj", "{AE2A4E8C-1257-4F58-9005-DAB99911962C}"
EndProject
Project("{9A19103F-16F7-4668-BE54-9A1E7A4F7556}") = "StructuralPatterns", "StructuralPatterns\StructuralPatterns.csproj", "{905F7E3D-1651-42F4-BD93-D34AD7895567}"
EndProject
Project("{9A19103F-16F7-4668-BE54-9A1E7A4F7556}") = "Tests", "tests\Tests.csproj", "{9218F3FC-F790-4F1E-965D-5784FBEC7776}"
EndProject
Project("{2150E333-8FDC-42A3-9474-1A3956D46DE8}") = "ExamplePrograms", "ExamplePrograms", "{C58A63A6-0F20-41B1-ABA2-1F6A3A207C67}"
EndProject
Project("{9A19103F-16F7-4668-BE54-9A1E7A4F7556}") = "CustomMealPlaner", "ExamplePrograms\CreationalExamples\CustomMealPlaner\CustomMealPlaner.csproj", "{80FF94F3-1251-44FA-AC37-3B24D46EC3BF}"
EndProject
Project("{2150E333-8FDC-42A3-9474-1A3956D46DE8}") = "BehavioralPrograms", "BehavioralPrograms", "{76882718-B960-4603-8AA9-7CC94C41BB20}"
EndProject
Project("{2150E333-8FDC-42A3-9474-1A3956D46DE8}") = "CreationalPrograms", "CreationalPrograms", "{B867DC04-34CF-4A48-867A-B943387FAFC4}"
EndProject
Project("{2150E333-8FDC-42A3-9474-1A3956D46DE8}") = "StructuralPrograms", "StructuralPrograms", "{FAA6F40F-3412-43F8-B865-BEF1536ED8D1}"
EndProject
Project("{9A19103F-16F7-4668-BE54-9A1E7A4F7556}") = "BakeryPurchaseOrderSystem", "ExamplePrograms\CreationalExamples\BakeryPurchaseOrderSystem\BakeryPurchaseOrderSystem.csproj", "{50E221A6-A3F2-4C75-B93C-4934437EDBEF}"
EndProject
Project("{9A19103F-16F7-4668-BE54-9A1E7A4F7556}") = "DiningRoomDesigner", "ExamplePrograms\CreationalExamples\DiningRoomDesigner\DiningRoomDesigner.csproj", "{8AE89374-49AD-4559-98A4-A822DB6ADC7B}"
EndProject
Project("{9A19103F-16F7-4668-BE54-9A1E7A4F7556}") = "FoodDeliveryService", "ExamplePrograms\CreationalExamples\FoodDeliveryService\FoodDeliveryService.csproj", "{3DC68AD9-1DB2-427E-B3DC-F0EFB93F7D19}"
EndProject
Project("{9A19103F-16F7-4668-BE54-9A1E7A4F7556}") = "IngredientsDatabaseClient", "ExamplePrograms\CreationalExamples\IngredientsDatabaseClient\IngredientsDatabaseClient.csproj", "{27C44044-20D1-4211-9788-8AFF1D068FF6}"
EndProject
Project("{9A19103F-16F7-4668-BE54-9A1E7A4F7556}") = "BestRestaurantFinder", "ExamplePrograms\BehavioralExamples\BestRestaurantFinder\BestRestaurantFinder.csproj", "{53D89155-7D4B-4E05-9B84-0D32110372A6}"
EndProject
Project("{9A19103F-16F7-4668-BE54-9A1E7A4F7556}") = "ChocolateShopBarcodes", "ExamplePrograms\BehavioralExamples\ChocolateShopBarcodes\ChocolateShopBarcodes.csproj", "{6CDC8C5D-4D72-48E0-AE56-B0F7BB809788}"
EndProject
Project("{9A19103F-16F7-4668-BE54-9A1E7A4F7556}") = "CookbookPrinter", "ExamplePrograms\BehavioralExamples\CookbookPrinter\CookbookPrinter.csproj", "{F61F880B-81CE-4E2B-B406-DFDC2B98362D}"
EndProject
Project("{9A19103F-16F7-4668-BE54-9A1E7A4F7556}") = "DietPlanTracker", "ExamplePrograms\BehavioralExamples\DietPlanTracker\DietPlanTracker.csproj", "{3E008D29-75EC-4230-88CA-528A01CF1A9D}"
EndProject
Project("{9A19103F-16F7-4668-BE54-9A1E7A4F7556}") = "DonutShop", "ExamplePrograms\BehavioralExamples\DonutShop\DonutShop.csproj", "{D1AAFFC8-E264-46FB-8A1F-E8A231531E72}"
EndProject
Project("{9A19103F-16F7-4668-BE54-9A1E7A4F7556}") = "FarmersMarketResearch", "ExamplePrograms\BehavioralExamples\FarmersMarketResearch\FarmersMarketResearch.csproj", "{62CD1AAE-63A8-4EE3-98FF-8823965FE1F4}"
EndProject
Project("{9A19103F-16F7-4668-BE54-9A1E7A4F7556}") = "FoodTruckCoordinator", "ExamplePrograms\BehavioralExamples\FoodTruckCoordinator\FoodTruckCoordinator.csproj", "{C49F82C9-8756-4511-9489-0F500968F7C0}"
EndProject
Project("{9A19103F-16F7-4668-BE54-9A1E7A4F7556}") = "KombuchaOrderProcessor", "ExamplePrograms\BehavioralExamples\KombuchaOrderProcessor\KombuchaOrderProcessor.csproj", "{8E8520B2-B70E-42B0-9FC5-78098C7D6FD7}"
EndProject
Project("{9A19103F-16F7-4668-BE54-9A1E7A4F7556}") = "MenuChanger", "ExamplePrograms\BehavioralExamples\MenuChanger\MenuChanger.csproj", "{FDFE5E67-79E5-4FFF-92A2-FD72575410C9}"
EndProject
Project("{9A19103F-16F7-4668-BE54-9A1E7A4F7556}") = "NeighborhoodComposterSignUpForm", "ExamplePrograms\BehavioralExamples\NeighborhoodComposterSignUpForm\NeighborhoodComposterSignUpForm.csproj", "{67EBFB52-CF05-428B-900A-A0840932637F}"
EndProject
Project("{9A19103F-16F7-4668-BE54-9A1E7A4F7556}") = "RewardsProgram", "ExamplePrograms\BehavioralExamples\RewardsProgram\RewardsProgram.csproj", "{C25D9959-7DF4-46AE-9CFB-F2D189AC8099}"
EndProject
Project("{9A19103F-16F7-4668-BE54-9A1E7A4F7556}") = "FarmersMarketSimulator", "ExamplePrograms\StructuralExamples\FarmersMarketSimulator\FarmersMarketSimulator.csproj", "{68797568-0F80-4096-BEB3-99451F44A84A}"
EndProject
Project("{9A19103F-16F7-4668-BE54-9A1E7A4F7556}") = "FoodBank", "ExamplePrograms\StructuralExamples\FoodBank\FoodBank.csproj", "{725AF9D4-56B7-4CFF-9AF1-DF09B0516998}"
EndProject
Project("{9A19103F-16F7-4668-BE54-9A1E7A4F7556}") = "FrontOfHouseService", "ExamplePrograms\StructuralExamples\FrontOfHouseService\FrontOfHouseService.csproj", "{E2B901BF-CDA8-4D93-A4A7-9530A0E33EBB}"
EndProject
Project("{9A19103F-16F7-4668-BE54-9A1E7A4F7556}") = "GroceryReporter", "ExamplePrograms\StructuralExamples\GroceryReporter\GroceryReporter.csproj", "{27F604C3-3943-41D7-888B-E18CE2BD86FF}"
EndProject
Project("{9A19103F-16F7-4668-BE54-9A1E7A4F7556}") = "GroceryStoreCityPlanningSimulation", "ExamplePrograms\StructuralExamples\GroceryStoreCityPlanningSimulation\GroceryStoreCityPlanningSimulation.csproj", "{BA2D030E-ED7A-4785-B58A-4EA67B1EAE08}"
EndProject
Project("{9A19103F-16F7-4668-BE54-9A1E7A4F7556}") = "RecipeSearch", "ExamplePrograms\StructuralExamples\RecipeSearch\RecipeSearch.csproj", "{23643B4A-5274-477C-9595-23EB166FB140}"
EndProject
Project("{9A19103F-16F7-4668-BE54-9A1E7A4F7556}") = "TeaCartonizer", "ExamplePrograms\StructuralExamples\TeaCartonizer\TeaCartonizer.csproj", "{B23D6BDF-5A29-4BA8-B1BF-22A9353D4947}"
EndProject
Global
	GlobalSection(SolutionConfigurationPlatforms) = preSolution
		Debug|Any CPU = Debug|Any CPU
		Release|Any CPU = Release|Any CPU
	EndGlobalSection
	GlobalSection(ProjectConfigurationPlatforms) = postSolution
		{A8C0E3D1-8213-477A-A63F-42641804AAA1}.Debug|Any CPU.ActiveCfg = Debug|Any CPU
		{A8C0E3D1-8213-477A-A63F-42641804AAA1}.Debug|Any CPU.Build.0 = Debug|Any CPU
		{A8C0E3D1-8213-477A-A63F-42641804AAA1}.Release|Any CPU.ActiveCfg = Release|Any CPU
		{A8C0E3D1-8213-477A-A63F-42641804AAA1}.Release|Any CPU.Build.0 = Release|Any CPU
		{4CADDA19-A061-4674-9723-2DC434BB7129}.Debug|Any CPU.ActiveCfg = Debug|Any CPU
		{4CADDA19-A061-4674-9723-2DC434BB7129}.Debug|Any CPU.Build.0 = Debug|Any CPU
		{4CADDA19-A061-4674-9723-2DC434BB7129}.Release|Any CPU.ActiveCfg = Release|Any CPU
		{4CADDA19-A061-4674-9723-2DC434BB7129}.Release|Any CPU.Build.0 = Release|Any CPU
		{AE2A4E8C-1257-4F58-9005-DAB99911962C}.Debug|Any CPU.ActiveCfg = Debug|Any CPU
		{AE2A4E8C-1257-4F58-9005-DAB99911962C}.Debug|Any CPU.Build.0 = Debug|Any CPU
		{AE2A4E8C-1257-4F58-9005-DAB99911962C}.Release|Any CPU.ActiveCfg = Release|Any CPU
		{AE2A4E8C-1257-4F58-9005-DAB99911962C}.Release|Any CPU.Build.0 = Release|Any CPU
		{905F7E3D-1651-42F4-BD93-D34AD7895567}.Debug|Any CPU.ActiveCfg = Debug|Any CPU
		{905F7E3D-1651-42F4-BD93-D34AD7895567}.Debug|Any CPU.Build.0 = Debug|Any CPU
		{905F7E3D-1651-42F4-BD93-D34AD7895567}.Release|Any CPU.ActiveCfg = Release|Any CPU
		{905F7E3D-1651-42F4-BD93-D34AD7895567}.Release|Any CPU.Build.0 = Release|Any CPU
		{9218F3FC-F790-4F1E-965D-5784FBEC7776}.Debug|Any CPU.ActiveCfg = Debug|Any CPU
		{9218F3FC-F790-4F1E-965D-5784FBEC7776}.Debug|Any CPU.Build.0 = Debug|Any CPU
		{9218F3FC-F790-4F1E-965D-5784FBEC7776}.Release|Any CPU.ActiveCfg = Release|Any CPU
		{9218F3FC-F790-4F1E-965D-5784FBEC7776}.Release|Any CPU.Build.0 = Release|Any CPU
		{80FF94F3-1251-44FA-AC37-3B24D46EC3BF}.Debug|Any CPU.ActiveCfg = Debug|Any CPU
		{80FF94F3-1251-44FA-AC37-3B24D46EC3BF}.Debug|Any CPU.Build.0 = Debug|Any CPU
		{80FF94F3-1251-44FA-AC37-3B24D46EC3BF}.Release|Any CPU.ActiveCfg = Release|Any CPU
		{80FF94F3-1251-44FA-AC37-3B24D46EC3BF}.Release|Any CPU.Build.0 = Release|Any CPU
		{50E221A6-A3F2-4C75-B93C-4934437EDBEF}.Debug|Any CPU.ActiveCfg = Debug|Any CPU
		{50E221A6-A3F2-4C75-B93C-4934437EDBEF}.Debug|Any CPU.Build.0 = Debug|Any CPU
		{50E221A6-A3F2-4C75-B93C-4934437EDBEF}.Release|Any CPU.ActiveCfg = Release|Any CPU
		{50E221A6-A3F2-4C75-B93C-4934437EDBEF}.Release|Any CPU.Build.0 = Release|Any CPU
		{8AE89374-49AD-4559-98A4-A822DB6ADC7B}.Debug|Any CPU.ActiveCfg = Debug|Any CPU
		{8AE89374-49AD-4559-98A4-A822DB6ADC7B}.Debug|Any CPU.Build.0 = Debug|Any CPU
		{8AE89374-49AD-4559-98A4-A822DB6ADC7B}.Release|Any CPU.ActiveCfg = Release|Any CPU
		{8AE89374-49AD-4559-98A4-A822DB6ADC7B}.Release|Any CPU.Build.0 = Release|Any CPU
		{3DC68AD9-1DB2-427E-B3DC-F0EFB93F7D19}.Debug|Any CPU.ActiveCfg = Debug|Any CPU
		{3DC68AD9-1DB2-427E-B3DC-F0EFB93F7D19}.Debug|Any CPU.Build.0 = Debug|Any CPU
		{3DC68AD9-1DB2-427E-B3DC-F0EFB93F7D19}.Release|Any CPU.ActiveCfg = Release|Any CPU
		{3DC68AD9-1DB2-427E-B3DC-F0EFB93F7D19}.Release|Any CPU.Build.0 = Release|Any CPU
		{27C44044-20D1-4211-9788-8AFF1D068FF6}.Debug|Any CPU.ActiveCfg = Debug|Any CPU
		{27C44044-20D1-4211-9788-8AFF1D068FF6}.Debug|Any CPU.Build.0 = Debug|Any CPU
		{27C44044-20D1-4211-9788-8AFF1D068FF6}.Release|Any CPU.ActiveCfg = Release|Any CPU
		{27C44044-20D1-4211-9788-8AFF1D068FF6}.Release|Any CPU.Build.0 = Release|Any CPU
		{53D89155-7D4B-4E05-9B84-0D32110372A6}.Debug|Any CPU.ActiveCfg = Debug|Any CPU
		{53D89155-7D4B-4E05-9B84-0D32110372A6}.Debug|Any CPU.Build.0 = Debug|Any CPU
		{53D89155-7D4B-4E05-9B84-0D32110372A6}.Release|Any CPU.ActiveCfg = Release|Any CPU
		{53D89155-7D4B-4E05-9B84-0D32110372A6}.Release|Any CPU.Build.0 = Release|Any CPU
		{6CDC8C5D-4D72-48E0-AE56-B0F7BB809788}.Debug|Any CPU.ActiveCfg = Debug|Any CPU
		{6CDC8C5D-4D72-48E0-AE56-B0F7BB809788}.Debug|Any CPU.Build.0 = Debug|Any CPU
		{6CDC8C5D-4D72-48E0-AE56-B0F7BB809788}.Release|Any CPU.ActiveCfg = Release|Any CPU
		{6CDC8C5D-4D72-48E0-AE56-B0F7BB809788}.Release|Any CPU.Build.0 = Release|Any CPU
		{F61F880B-81CE-4E2B-B406-DFDC2B98362D}.Debug|Any CPU.ActiveCfg = Debug|Any CPU
		{F61F880B-81CE-4E2B-B406-DFDC2B98362D}.Debug|Any CPU.Build.0 = Debug|Any CPU
		{F61F880B-81CE-4E2B-B406-DFDC2B98362D}.Release|Any CPU.ActiveCfg = Release|Any CPU
		{F61F880B-81CE-4E2B-B406-DFDC2B98362D}.Release|Any CPU.Build.0 = Release|Any CPU
		{3E008D29-75EC-4230-88CA-528A01CF1A9D}.Debug|Any CPU.ActiveCfg = Debug|Any CPU
		{3E008D29-75EC-4230-88CA-528A01CF1A9D}.Debug|Any CPU.Build.0 = Debug|Any CPU
		{3E008D29-75EC-4230-88CA-528A01CF1A9D}.Release|Any CPU.ActiveCfg = Release|Any CPU
		{3E008D29-75EC-4230-88CA-528A01CF1A9D}.Release|Any CPU.Build.0 = Release|Any CPU
		{D1AAFFC8-E264-46FB-8A1F-E8A231531E72}.Debug|Any CPU.ActiveCfg = Debug|Any CPU
		{D1AAFFC8-E264-46FB-8A1F-E8A231531E72}.Debug|Any CPU.Build.0 = Debug|Any CPU
		{D1AAFFC8-E264-46FB-8A1F-E8A231531E72}.Release|Any CPU.ActiveCfg = Release|Any CPU
		{D1AAFFC8-E264-46FB-8A1F-E8A231531E72}.Release|Any CPU.Build.0 = Release|Any CPU
		{62CD1AAE-63A8-4EE3-98FF-8823965FE1F4}.Debug|Any CPU.ActiveCfg = Debug|Any CPU
		{62CD1AAE-63A8-4EE3-98FF-8823965FE1F4}.Debug|Any CPU.Build.0 = Debug|Any CPU
		{62CD1AAE-63A8-4EE3-98FF-8823965FE1F4}.Release|Any CPU.ActiveCfg = Release|Any CPU
		{62CD1AAE-63A8-4EE3-98FF-8823965FE1F4}.Release|Any CPU.Build.0 = Release|Any CPU
		{C49F82C9-8756-4511-9489-0F500968F7C0}.Debug|Any CPU.ActiveCfg = Debug|Any CPU
		{C49F82C9-8756-4511-9489-0F500968F7C0}.Debug|Any CPU.Build.0 = Debug|Any CPU
		{C49F82C9-8756-4511-9489-0F500968F7C0}.Release|Any CPU.ActiveCfg = Release|Any CPU
		{C49F82C9-8756-4511-9489-0F500968F7C0}.Release|Any CPU.Build.0 = Release|Any CPU
		{8E8520B2-B70E-42B0-9FC5-78098C7D6FD7}.Debug|Any CPU.ActiveCfg = Debug|Any CPU
		{8E8520B2-B70E-42B0-9FC5-78098C7D6FD7}.Debug|Any CPU.Build.0 = Debug|Any CPU
		{8E8520B2-B70E-42B0-9FC5-78098C7D6FD7}.Release|Any CPU.ActiveCfg = Release|Any CPU
		{8E8520B2-B70E-42B0-9FC5-78098C7D6FD7}.Release|Any CPU.Build.0 = Release|Any CPU
		{FDFE5E67-79E5-4FFF-92A2-FD72575410C9}.Debug|Any CPU.ActiveCfg = Debug|Any CPU
		{FDFE5E67-79E5-4FFF-92A2-FD72575410C9}.Debug|Any CPU.Build.0 = Debug|Any CPU
		{FDFE5E67-79E5-4FFF-92A2-FD72575410C9}.Release|Any CPU.ActiveCfg = Release|Any CPU
		{FDFE5E67-79E5-4FFF-92A2-FD72575410C9}.Release|Any CPU.Build.0 = Release|Any CPU
		{67EBFB52-CF05-428B-900A-A0840932637F}.Debug|Any CPU.ActiveCfg = Debug|Any CPU
		{67EBFB52-CF05-428B-900A-A0840932637F}.Debug|Any CPU.Build.0 = Debug|Any CPU
		{67EBFB52-CF05-428B-900A-A0840932637F}.Release|Any CPU.ActiveCfg = Release|Any CPU
		{67EBFB52-CF05-428B-900A-A0840932637F}.Release|Any CPU.Build.0 = Release|Any CPU
		{C25D9959-7DF4-46AE-9CFB-F2D189AC8099}.Debug|Any CPU.ActiveCfg = Debug|Any CPU
		{C25D9959-7DF4-46AE-9CFB-F2D189AC8099}.Debug|Any CPU.Build.0 = Debug|Any CPU
		{C25D9959-7DF4-46AE-9CFB-F2D189AC8099}.Release|Any CPU.ActiveCfg = Release|Any CPU
		{C25D9959-7DF4-46AE-9CFB-F2D189AC8099}.Release|Any CPU.Build.0 = Release|Any CPU
		{68797568-0F80-4096-BEB3-99451F44A84A}.Debug|Any CPU.ActiveCfg = Debug|Any CPU
		{68797568-0F80-4096-BEB3-99451F44A84A}.Debug|Any CPU.Build.0 = Debug|Any CPU
		{68797568-0F80-4096-BEB3-99451F44A84A}.Release|Any CPU.ActiveCfg = Release|Any CPU
		{68797568-0F80-4096-BEB3-99451F44A84A}.Release|Any CPU.Build.0 = Release|Any CPU
		{725AF9D4-56B7-4CFF-9AF1-DF09B0516998}.Debug|Any CPU.ActiveCfg = Debug|Any CPU
		{725AF9D4-56B7-4CFF-9AF1-DF09B0516998}.Debug|Any CPU.Build.0 = Debug|Any CPU
		{725AF9D4-56B7-4CFF-9AF1-DF09B0516998}.Release|Any CPU.ActiveCfg = Release|Any CPU
		{725AF9D4-56B7-4CFF-9AF1-DF09B0516998}.Release|Any CPU.Build.0 = Release|Any CPU
		{E2B901BF-CDA8-4D93-A4A7-9530A0E33EBB}.Debug|Any CPU.ActiveCfg = Debug|Any CPU
		{E2B901BF-CDA8-4D93-A4A7-9530A0E33EBB}.Debug|Any CPU.Build.0 = Debug|Any CPU
		{E2B901BF-CDA8-4D93-A4A7-9530A0E33EBB}.Release|Any CPU.ActiveCfg = Release|Any CPU
		{E2B901BF-CDA8-4D93-A4A7-9530A0E33EBB}.Release|Any CPU.Build.0 = Release|Any CPU
		{27F604C3-3943-41D7-888B-E18CE2BD86FF}.Debug|Any CPU.ActiveCfg = Debug|Any CPU
		{27F604C3-3943-41D7-888B-E18CE2BD86FF}.Debug|Any CPU.Build.0 = Debug|Any CPU
		{27F604C3-3943-41D7-888B-E18CE2BD86FF}.Release|Any CPU.ActiveCfg = Release|Any CPU
		{27F604C3-3943-41D7-888B-E18CE2BD86FF}.Release|Any CPU.Build.0 = Release|Any CPU
		{BA2D030E-ED7A-4785-B58A-4EA67B1EAE08}.Debug|Any CPU.ActiveCfg = Debug|Any CPU
		{BA2D030E-ED7A-4785-B58A-4EA67B1EAE08}.Debug|Any CPU.Build.0 = Debug|Any CPU
		{BA2D030E-ED7A-4785-B58A-4EA67B1EAE08}.Release|Any CPU.ActiveCfg = Release|Any CPU
		{BA2D030E-ED7A-4785-B58A-4EA67B1EAE08}.Release|Any CPU.Build.0 = Release|Any CPU
		{23643B4A-5274-477C-9595-23EB166FB140}.Debug|Any CPU.ActiveCfg = Debug|Any CPU
		{23643B4A-5274-477C-9595-23EB166FB140}.Debug|Any CPU.Build.0 = Debug|Any CPU
		{23643B4A-5274-477C-9595-23EB166FB140}.Release|Any CPU.ActiveCfg = Release|Any CPU
		{23643B4A-5274-477C-9595-23EB166FB140}.Release|Any CPU.Build.0 = Release|Any CPU
		{B23D6BDF-5A29-4BA8-B1BF-22A9353D4947}.Debug|Any CPU.ActiveCfg = Debug|Any CPU
		{B23D6BDF-5A29-4BA8-B1BF-22A9353D4947}.Debug|Any CPU.Build.0 = Debug|Any CPU
		{B23D6BDF-5A29-4BA8-B1BF-22A9353D4947}.Release|Any CPU.ActiveCfg = Release|Any CPU
		{B23D6BDF-5A29-4BA8-B1BF-22A9353D4947}.Release|Any CPU.Build.0 = Release|Any CPU
	EndGlobalSection
	GlobalSection(SolutionProperties) = preSolution
		HideSolutionNode = FALSE
	EndGlobalSection
	GlobalSection(NestedProjects) = preSolution
		{80FF94F3-1251-44FA-AC37-3B24D46EC3BF} = {B867DC04-34CF-4A48-867A-B943387FAFC4}
		{76882718-B960-4603-8AA9-7CC94C41BB20} = {C58A63A6-0F20-41B1-ABA2-1F6A3A207C67}
		{B867DC04-34CF-4A48-867A-B943387FAFC4} = {C58A63A6-0F20-41B1-ABA2-1F6A3A207C67}
		{FAA6F40F-3412-43F8-B865-BEF1536ED8D1} = {C58A63A6-0F20-41B1-ABA2-1F6A3A207C67}
		{50E221A6-A3F2-4C75-B93C-4934437EDBEF} = {B867DC04-34CF-4A48-867A-B943387FAFC4}
		{8AE89374-49AD-4559-98A4-A822DB6ADC7B} = {B867DC04-34CF-4A48-867A-B943387FAFC4}
		{3DC68AD9-1DB2-427E-B3DC-F0EFB93F7D19} = {B867DC04-34CF-4A48-867A-B943387FAFC4}
		{27C44044-20D1-4211-9788-8AFF1D068FF6} = {B867DC04-34CF-4A48-867A-B943387FAFC4}
		{53D89155-7D4B-4E05-9B84-0D32110372A6} = {76882718-B960-4603-8AA9-7CC94C41BB20}
		{6CDC8C5D-4D72-48E0-AE56-B0F7BB809788} = {76882718-B960-4603-8AA9-7CC94C41BB20}
		{F61F880B-81CE-4E2B-B406-DFDC2B98362D} = {76882718-B960-4603-8AA9-7CC94C41BB20}
		{3E008D29-75EC-4230-88CA-528A01CF1A9D} = {76882718-B960-4603-8AA9-7CC94C41BB20}
		{D1AAFFC8-E264-46FB-8A1F-E8A231531E72} = {76882718-B960-4603-8AA9-7CC94C41BB20}
		{62CD1AAE-63A8-4EE3-98FF-8823965FE1F4} = {76882718-B960-4603-8AA9-7CC94C41BB20}
		{C49F82C9-8756-4511-9489-0F500968F7C0} = {76882718-B960-4603-8AA9-7CC94C41BB20}
		{8E8520B2-B70E-42B0-9FC5-78098C7D6FD7} = {76882718-B960-4603-8AA9-7CC94C41BB20}
		{FDFE5E67-79E5-4FFF-92A2-FD72575410C9} = {76882718-B960-4603-8AA9-7CC94C41BB20}
		{67EBFB52-CF05-428B-900A-A0840932637F} = {76882718-B960-4603-8AA9-7CC94C41BB20}
		{C25D9959-7DF4-46AE-9CFB-F2D189AC8099} = {76882718-B960-4603-8AA9-7CC94C41BB20}
		{68797568-0F80-4096-BEB3-99451F44A84A} = {FAA6F40F-3412-43F8-B865-BEF1536ED8D1}
		{725AF9D4-56B7-4CFF-9AF1-DF09B0516998} = {FAA6F40F-3412-43F8-B865-BEF1536ED8D1}
		{E2B901BF-CDA8-4D93-A4A7-9530A0E33EBB} = {FAA6F40F-3412-43F8-B865-BEF1536ED8D1}
		{27F604C3-3943-41D7-888B-E18CE2BD86FF} = {FAA6F40F-3412-43F8-B865-BEF1536ED8D1}
		{BA2D030E-ED7A-4785-B58A-4EA67B1EAE08} = {FAA6F40F-3412-43F8-B865-BEF1536ED8D1}
		{23643B4A-5274-477C-9595-23EB166FB140} = {FAA6F40F-3412-43F8-B865-BEF1536ED8D1}
		{B23D6BDF-5A29-4BA8-B1BF-22A9353D4947} = {FAA6F40F-3412-43F8-B865-BEF1536ED8D1}
	EndGlobalSection
	GlobalSection(ExtensibilityGlobals) = postSolution
		SolutionGuid = {86C60BFC-4F10-470C-8A3F-D9472334A469}
	EndGlobalSection
EndGlobal
